// !$*UTF8*$!
{
	archiveVersion = 1;
	classes = {
	};
	objectVersion = 46;
	objects = {

/* Begin PBXBuildFile section */
		65F722221B4649A6002AE45C /* image_DXT.c in Sources */ = {isa = PBXBuildFile; fileRef = 65F722161B4649A6002AE45C /* image_DXT.c */; };
		65F722231B4649A6002AE45C /* image_helper.c in Sources */ = {isa = PBXBuildFile; fileRef = 65F722181B4649A6002AE45C /* image_helper.c */; };
		65F722241B4649A6002AE45C /* SOIL.c in Sources */ = {isa = PBXBuildFile; fileRef = 65F7221A1B4649A6002AE45C /* SOIL.c */; };
		65F722251B4649A6002AE45C /* stb_image_write.c in Sources */ = {isa = PBXBuildFile; fileRef = 65F7221C1B4649A6002AE45C /* stb_image_write.c */; };
		65F722261B4649A6002AE45C /* stb_image.c in Sources */ = {isa = PBXBuildFile; fileRef = 65F7221E1B4649A6002AE45C /* stb_image.c */; };
		65F722271B4649A6002AE45C /* stb_vorbis.c in Sources */ = {isa = PBXBuildFile; fileRef = 65F722201B4649A6002AE45C /* stb_vorbis.c */; };
/* End PBXBuildFile section */

/* Begin PBXCopyFilesBuildPhase section */
		65F721FA1B46496D002AE45C /* CopyFiles */ = {
			isa = PBXCopyFilesBuildPhase;
			buildActionMask = 2147483647;
			dstPath = "include/$(PRODUCT_NAME)";
			dstSubfolderSpec = 16;
			files = (
			);
			runOnlyForDeploymentPostprocessing = 0;
		};
/* End PBXCopyFilesBuildPhase section */

/* Begin PBXFileReference section */
		65F721FC1B46496D002AE45C /* libSOIL.a */ = {isa = PBXFileReference; explicitFileType = archive.ar; includeInIndex = 0; path = libSOIL.a; sourceTree = BUILT_PRODUCTS_DIR; };
		65F722161B4649A6002AE45C /* image_DXT.c */ = {isa = PBXFileReference; fileEncoding = 4; lastKnownFileType = sourcecode.c.c; name = image_DXT.c; path = ../../../jni/image_DXT.c; sourceTree = "<group>"; };
		65F722171B4649A6002AE45C /* image_DXT.h */ = {isa = PBXFileReference; fileEncoding = 4; lastKnownFileType = sourcecode.c.h; name = image_DXT.h; path = ../../../jni/image_DXT.h; sourceTree = "<group>"; };
		65F722181B4649A6002AE45C /* image_helper.c */ = {isa = PBXFileReference; fileEncoding = 4; lastKnownFileType = sourcecode.c.c; name = image_helper.c; path = ../../../jni/image_helper.c; sourceTree = "<group>"; };
		65F722191B4649A6002AE45C /* image_helper.h */ = {isa = PBXFileReference; fileEncoding = 4; lastKnownFileType = sourcecode.c.h; name = image_helper.h; path = ../../../jni/image_helper.h; sourceTree = "<group>"; };
		65F7221A1B4649A6002AE45C /* SOIL.c */ = {isa = PBXFileReference; fileEncoding = 4; lastKnownFileType = sourcecode.c.c; name = SOIL.c; path = ../../../jni/SOIL.c; sourceTree = "<group>"; };
		65F7221B1B4649A6002AE45C /* SOIL.h */ = {isa = PBXFileReference; fileEncoding = 4; lastKnownFileType = sourcecode.c.h; name = SOIL.h; path = ../../../jni/SOIL.h; sourceTree = "<group>"; };
		65F7221C1B4649A6002AE45C /* stb_image_write.c */ = {isa = PBXFileReference; fileEncoding = 4; lastKnownFileType = sourcecode.c.c; name = stb_image_write.c; path = ../../../jni/stb_image_write.c; sourceTree = "<group>"; };
		65F7221D1B4649A6002AE45C /* stb_image_write.h */ = {isa = PBXFileReference; fileEncoding = 4; lastKnownFileType = sourcecode.c.h; name = stb_image_write.h; path = ../../../jni/stb_image_write.h; sourceTree = "<group>"; };
		65F7221E1B4649A6002AE45C /* stb_image.c */ = {isa = PBXFileReference; fileEncoding = 4; lastKnownFileType = sourcecode.c.c; name = stb_image.c; path = ../../../jni/stb_image.c; sourceTree = "<group>"; };
		65F7221F1B4649A6002AE45C /* stb_image.h */ = {isa = PBXFileReference; fileEncoding = 4; lastKnownFileType = sourcecode.c.h; name = stb_image.h; path = ../../../jni/stb_image.h; sourceTree = "<group>"; };
		65F722201B4649A6002AE45C /* stb_vorbis.c */ = {isa = PBXFileReference; fileEncoding = 4; lastKnownFileType = sourcecode.c.c; name = stb_vorbis.c; path = ../../../jni/stb_vorbis.c; sourceTree = "<group>"; };
		65F722211B4649A6002AE45C /* stb_vorbis.h */ = {isa = PBXFileReference; fileEncoding = 4; lastKnownFileType = sourcecode.c.h; name = stb_vorbis.h; path = ../../../jni/stb_vorbis.h; sourceTree = "<group>"; };
/* End PBXFileReference section */

/* Begin PBXFrameworksBuildPhase section */
		65F721F91B46496D002AE45C /* Frameworks */ = {
			isa = PBXFrameworksBuildPhase;
			buildActionMask = 2147483647;
			files = (
			);
			runOnlyForDeploymentPostprocessing = 0;
		};
/* End PBXFrameworksBuildPhase section */

/* Begin PBXGroup section */
		65F721F31B46496D002AE45C = {
			isa = PBXGroup;
			children = (
				65F721FE1B46496D002AE45C /* SOIL */,
				65F721FD1B46496D002AE45C /* Products */,
			);
			sourceTree = "<group>";
		};
		65F721FD1B46496D002AE45C /* Products */ = {
			isa = PBXGroup;
			children = (
				65F721FC1B46496D002AE45C /* libSOIL.a */,
			);
			name = Products;
			sourceTree = "<group>";
		};
		65F721FE1B46496D002AE45C /* SOIL */ = {
			isa = PBXGroup;
			children = (
				65F722161B4649A6002AE45C /* image_DXT.c */,
				65F722171B4649A6002AE45C /* image_DXT.h */,
				65F722181B4649A6002AE45C /* image_helper.c */,
				65F722191B4649A6002AE45C /* image_helper.h */,
				65F7221A1B4649A6002AE45C /* SOIL.c */,
				65F7221B1B4649A6002AE45C /* SOIL.h */,
				65F7221C1B4649A6002AE45C /* stb_image_write.c */,
				65F7221D1B4649A6002AE45C /* stb_image_write.h */,
				65F7221E1B4649A6002AE45C /* stb_image.c */,
				65F7221F1B4649A6002AE45C /* stb_image.h */,
				65F722201B4649A6002AE45C /* stb_vorbis.c */,
				65F722211B4649A6002AE45C /* stb_vorbis.h */,
			);
			path = SOIL;
			sourceTree = "<group>";
		};
/* End PBXGroup section */

/* Begin PBXNativeTarget section */
		65F721FB1B46496D002AE45C /* SOIL */ = {
			isa = PBXNativeTarget;
			buildConfigurationList = 65F722101B46496D002AE45C /* Build configuration list for PBXNativeTarget "SOIL" */;
			buildPhases = (
				65F721F81B46496D002AE45C /* Sources */,
				65F721F91B46496D002AE45C /* Frameworks */,
				65F721FA1B46496D002AE45C /* CopyFiles */,
			);
			buildRules = (
			);
			dependencies = (
			);
			name = SOIL;
			productName = SOIL;
			productReference = 65F721FC1B46496D002AE45C /* libSOIL.a */;
			productType = "com.apple.product-type.library.static";
		};
/* End PBXNativeTarget section */

/* Begin PBXProject section */
		65F721F41B46496D002AE45C /* Project object */ = {
			isa = PBXProject;
			attributes = {
				LastUpgradeCheck = 0630;
				ORGANIZATIONNAME = huatian;
				TargetAttributes = {
					65F721FB1B46496D002AE45C = {
						CreatedOnToolsVersion = 6.3.2;
					};
				};
			};
			buildConfigurationList = 65F721F71B46496D002AE45C /* Build configuration list for PBXProject "SOIL" */;
			compatibilityVersion = "Xcode 3.2";
			developmentRegion = English;
			hasScannedForEncodings = 0;
			knownRegions = (
				en,
			);
			mainGroup = 65F721F31B46496D002AE45C;
			productRefGroup = 65F721FD1B46496D002AE45C /* Products */;
			projectDirPath = "";
			projectRoot = "";
			targets = (
				65F721FB1B46496D002AE45C /* SOIL */,
			);
		};
/* End PBXProject section */

/* Begin PBXSourcesBuildPhase section */
		65F721F81B46496D002AE45C /* Sources */ = {
			isa = PBXSourcesBuildPhase;
			buildActionMask = 2147483647;
			files = (
				65F722271B4649A6002AE45C /* stb_vorbis.c in Sources */,
				65F722221B4649A6002AE45C /* image_DXT.c in Sources */,
				65F722261B4649A6002AE45C /* stb_image.c in Sources */,
				65F722231B4649A6002AE45C /* image_helper.c in Sources */,
				65F722241B4649A6002AE45C /* SOIL.c in Sources */,
				65F722251B4649A6002AE45C /* stb_image_write.c in Sources */,
			);
			runOnlyForDeploymentPostprocessing = 0;
		};
/* End PBXSourcesBuildPhase section */

/* Begin XCBuildConfiguration section */
		65F7220E1B46496D002AE45C /* Debug */ = {
			isa = XCBuildConfiguration;
			buildSettings = {
				ALWAYS_SEARCH_USER_PATHS = NO;
				CLANG_CXX_LANGUAGE_STANDARD = "gnu++0x";
				CLANG_CXX_LIBRARY = "libc++";
				CLANG_ENABLE_MODULES = YES;
				CLANG_ENABLE_OBJC_ARC = YES;
				CLANG_WARN_BOOL_CONVERSION = YES;
				CLANG_WARN_CONSTANT_CONVERSION = YES;
				CLANG_WARN_DIRECT_OBJC_ISA_USAGE = YES_ERROR;
				CLANG_WARN_EMPTY_BODY = YES;
				CLANG_WARN_ENUM_CONVERSION = YES;
				CLANG_WARN_INT_CONVERSION = YES;
				CLANG_WARN_OBJC_ROOT_CLASS = YES_ERROR;
				CLANG_WARN_UNREACHABLE_CODE = YES;
				CLANG_WARN__DUPLICATE_METHOD_MATCH = YES;
				COPY_PHASE_STRIP = NO;
				DEBUG_INFORMATION_FORMAT = "dwarf-with-dsym";
				ENABLE_STRICT_OBJC_MSGSEND = YES;
				GCC_C_LANGUAGE_STANDARD = gnu99;
				GCC_DYNAMIC_NO_PIC = NO;
				GCC_NO_COMMON_BLOCKS = YES;
				GCC_OPTIMIZATION_LEVEL = 0;
				GCC_PREPROCESSOR_DEFINITIONS = __IOS__;
				GCC_SYMBOLS_PRIVATE_EXTERN = NO;
				GCC_WARN_64_TO_32_BIT_CONVERSION = YES;
				GCC_WARN_ABOUT_RETURN_TYPE = YES_ERROR;
				GCC_WARN_UNDECLARED_SELECTOR = YES;
				GCC_WARN_UNINITIALIZED_AUTOS = YES_AGGRESSIVE;
				GCC_WARN_UNUSED_FUNCTION = YES;
				GCC_WARN_UNUSED_VARIABLE = YES;
				IPHONEOS_DEPLOYMENT_TARGET = 8.3;
				MTL_ENABLE_DEBUG_INFO = YES;
				ONLY_ACTIVE_ARCH = YES;
				OTHER_CPLUSPLUSFLAGS = "$(OTHER_CFLAGS)";
				SDKROOT = iphoneos;
			};
			name = Debug;
		};
		65F7220F1B46496D002AE45C /* Release */ = {
			isa = XCBuildConfiguration;
			buildSettings = {
				ALWAYS_SEARCH_USER_PATHS = NO;
				CLANG_CXX_LANGUAGE_STANDARD = "gnu++0x";
				CLANG_CXX_LIBRARY = "libc++";
				CLANG_ENABLE_MODULES = YES;
				CLANG_ENABLE_OBJC_ARC = YES;
				CLANG_WARN_BOOL_CONVERSION = YES;
				CLANG_WARN_CONSTANT_CONVERSION = YES;
				CLANG_WARN_DIRECT_OBJC_ISA_USAGE = YES_ERROR;
				CLANG_WARN_EMPTY_BODY = YES;
				CLANG_WARN_ENUM_CONVERSION = YES;
				CLANG_WARN_INT_CONVERSION = YES;
				CLANG_WARN_OBJC_ROOT_CLASS = YES_ERROR;
				CLANG_WARN_UNREACHABLE_CODE = YES;
				CLANG_WARN__DUPLICATE_METHOD_MATCH = YES;
				COPY_PHASE_STRIP = NO;
				DEBUG_INFORMATION_FORMAT = "dwarf-with-dsym";
				ENABLE_NS_ASSERTIONS = NO;
				ENABLE_STRICT_OBJC_MSGSEND = YES;
				GCC_C_LANGUAGE_STANDARD = gnu99;
				GCC_NO_COMMON_BLOCKS = YES;
				GCC_PREPROCESSOR_DEFINITIONS = __IOS__;
				GCC_WARN_64_TO_32_BIT_CONVERSION = YES;
				GCC_WARN_ABOUT_RETURN_TYPE = YES_ERROR;
				GCC_WARN_UNDECLARED_SELECTOR = YES;
				GCC_WARN_UNINITIALIZED_AUTOS = YES_AGGRESSIVE;
				GCC_WARN_UNUSED_FUNCTION = YES;
				GCC_WARN_UNUSED_VARIABLE = YES;
				IPHONEOS_DEPLOYMENT_TARGET = 8.3;
				MTL_ENABLE_DEBUG_INFO = NO;
				OTHER_CPLUSPLUSFLAGS = "$(OTHER_CFLAGS)";
				SDKROOT = iphoneos;
				VALIDATE_PRODUCT = YES;
			};
			name = Release;
		};
		65F722111B46496D002AE45C /* Debug */ = {
			isa = XCBuildConfiguration;
			buildSettings = {
				IPHONEOS_DEPLOYMENT_TARGET = 8.0;
				ONLY_ACTIVE_ARCH = NO;
				OTHER_LDFLAGS = "-ObjC";
				PRODUCT_NAME = "$(TARGET_NAME)";
				SKIP_INSTALL = YES;
			};
			name = Debug;
		};
		65F722121B46496D002AE45C /* Release */ = {
			isa = XCBuildConfiguration;
			buildSettings = {
				IPHONEOS_DEPLOYMENT_TARGET = 8.0;
				ONLY_ACTIVE_ARCH = NO;
				OTHER_LDFLAGS = "-ObjC";
				PRODUCT_NAME = "$(TARGET_NAME)";
				SKIP_INSTALL = YES;
			};
			name = Release;
		};
/* End XCBuildConfiguration section */

/* Begin XCConfigurationList section */
		65F721F71B46496D002AE45C /* Build configuration list for PBXProject "SOIL" */ = {
			isa = XCConfigurationList;
			buildConfigurations = (
				65F7220E1B46496D002AE45C /* Debug */,
				65F7220F1B46496D002AE45C /* Release */,
			);
			defaultConfigurationIsVisible = 0;
			defaultConfigurationName = Release;
		};
		65F722101B46496D002AE45C /* Build configuration list for PBXNativeTarget "SOIL" */ = {
			isa = XCConfigurationList;
			buildConfigurations = (
				65F722111B46496D002AE45C /* Debug */,
				65F722121B46496D002AE45C /* Release */,
			);
			defaultConfigurationIsVisible = 0;
		};
/* End XCConfigurationList section */
	};
	rootObject = 65F721F41B46496D002AE45C /* Project object */;
}
