<?xml version="1.0" encoding="utf-8"?>
<Project ToolsVersion="4.0" xmlns="http://schemas.microsoft.com/developer/msbuild/2003">
  <ItemGroup>
    <Filter Include="源文件">
      <UniqueIdentifier>{4FC737F1-C7A5-4376-A066-2A32D752A2FF}</UniqueIdentifier>
      <Extensions>cpp;c;cc;cxx;def;odl;idl;hpj;bat;asm;asmx</Extensions>
    </Filter>
    <Filter Include="头文件">
      <UniqueIdentifier>{93995380-89BD-4b04-88EB-625FBE52EBFB}</UniqueIdentifier>
      <Extensions>h;hh;hpp;hxx;hm;inl;inc;xsd</Extensions>
    </Filter>
    <Filter Include="资源文件">
      <UniqueIdentifier>{67DA6AB6-F800-4c08-8B7A-83BB121AAD01}</UniqueIdentifier>
      <Extensions>rc;ico;cur;bmp;dlg;rc2;rct;bin;rgs;gif;jpg;jpeg;jpe;resx;tiff;tif;png;wav;mfcribbon-ms</Extensions>
    </Filter>
    <Filter Include="源文件\SimulationAnimation">
      <UniqueIdentifier>{8fbe7f85-509b-4410-84cc-f972b96abb8a}</UniqueIdentifier>
    </Filter>
    <Filter Include="源文件\SimulationCommon">
      <UniqueIdentifier>{f8a4ad32-9b0d-4f98-8ee6-79ab42364755}</UniqueIdentifier>
    </Filter>
    <Filter Include="源文件\AnimationControl">
      <UniqueIdentifier>{dcbd08ef-48ec-4fd0-a070-373ea73ce06b}</UniqueIdentifier>
    </Filter>
  </ItemGroup>
  <ItemGroup>
    <ClCompile Include="SimulationAnimation\AnimationSound.cpp">
      <Filter>源文件\SimulationAnimation</Filter>
    </ClCompile>
    <ClCompile Include="SimulationAnimation\AnimationStepManager.cpp">
      <Filter>源文件\SimulationAnimation</Filter>
    </ClCompile>
    <ClCompile Include="SimulationAnimation\CProcess.cpp">
      <Filter>源文件\SimulationAnimation</Filter>
    </ClCompile>
    <ClCompile Include="SimulationAnimation\Group.cpp">
      <Filter>源文件\SimulationAnimation</Filter>
    </ClCompile>
    <ClCompile Include="SimulationAnimation\GroupItem.cpp">
      <Filter>源文件\SimulationAnimation</Filter>
    </ClCompile>
    <ClCompile Include="SimulationAnimation\GroupManager.cpp">
      <Filter>源文件\SimulationAnimation</Filter>
    </ClCompile>
    <ClCompile Include="SimulationAnimation\IOSExternDef.cpp">
      <Filter>源文件\SimulationAnimation</Filter>
    </ClCompile>
    <ClCompile Include="SimulationAnimation\KeyFrame.cpp">
      <Filter>源文件\SimulationAnimation</Filter>
    </ClCompile>
    <ClCompile Include="SimulationAnimation\Mutex.cpp">
      <Filter>源文件\SimulationAnimation</Filter>
    </ClCompile>
    <ClCompile Include="SimulationAnimation\ProcessManager.cpp">
      <Filter>源文件\SimulationAnimation</Filter>
    </ClCompile>
    <ClCompile Include="SimulationAnimation\SAnimation.cpp">
      <Filter>源文件\SimulationAnimation</Filter>
    </ClCompile>
    <ClCompile Include="SimulationAnimation\SBehaviorAction.cpp">
      <Filter>源文件\SimulationAnimation</Filter>
    </ClCompile>
    <ClCompile Include="SimulationAnimation\SimulationAnimationManager.cpp">
      <Filter>源文件\SimulationAnimation</Filter>
    </ClCompile>
    <ClCompile Include="SimulationAnimation\SInterpolator.cpp">
      <Filter>源文件\SimulationAnimation</Filter>
    </ClCompile>
    <ClCompile Include="SimulationAnimation\stdafx.cpp">
      <Filter>源文件\SimulationAnimation</Filter>
    </ClCompile>
    <ClCompile Include="SimulationAnimation\STimeline.cpp">
      <Filter>源文件\SimulationAnimation</Filter>
    </ClCompile>
    <ClCompile Include="SimulationAnimation\TickTimer.cpp">
      <Filter>源文件\SimulationAnimation</Filter>
    </ClCompile>
    <ClCompile Include="SimulationAnimation\TimerManager.cpp">
      <Filter>源文件\SimulationAnimation</Filter>
    </ClCompile>
    <ClCompile Include="SimulationCommon\MatrixOperation.cpp">
      <Filter>源文件\SimulationCommon</Filter>
    </ClCompile>
    <ClCompile Include="SimulationCommon\SATools.cpp">
      <Filter>源文件\SimulationCommon</Filter>
    </ClCompile>
    <ClCompile Include="SimulationCommon\SAUtility.cpp">
      <Filter>源文件\SimulationCommon</Filter>
    </ClCompile>
    <ClCompile Include="SimulationCommon\utf_utils.cpp">
      <Filter>源文件\SimulationCommon</Filter>
    </ClCompile>
    <ClCompile Include="SimulationCommon\UtilityTextParser.cpp">
      <Filter>源文件\SimulationCommon</Filter>
    </ClCompile>
    <ClCompile Include="SimulationCommon\UtilityXMLParser.cpp">
      <Filter>源文件\SimulationCommon</Filter>
    </ClCompile>
    <ClCompile Include="SimulationCommon\vhash.cpp">
      <Filter>源文件\SimulationCommon</Filter>
    </ClCompile>
    <ClCompile Include="SimulationCommon\vlist.cpp">
      <Filter>源文件\SimulationCommon</Filter>
    </ClCompile>
    <ClCompile Include="AnimationControl\animationController.cpp">
      <Filter>源文件\AnimationControl</Filter>
    </ClCompile>
    <ClCompile Include="AnimationControl\animationControlParser.cpp">
      <Filter>源文件\AnimationControl</Filter>
    </ClCompile>
    <ClCompile Include="AnimationControl\animationNode.cpp">
      <Filter>源文件\AnimationControl</Filter>
    </ClCompile>
  </ItemGroup>
  <ItemGroup>
    <ClInclude Include="SimulationAnimation\AnimationSound.h">
      <Filter>源文件\SimulationAnimation</Filter>
    </ClInclude>
    <ClInclude Include="SimulationAnimation\AnimationStepManager.h">
      <Filter>源文件\SimulationAnimation</Filter>
    </ClInclude>
    <ClInclude Include="SimulationAnimation\CProcess.h">
      <Filter>源文件\SimulationAnimation</Filter>
    </ClInclude>
    <ClInclude Include="SimulationAnimation\Group.h">
      <Filter>源文件\SimulationAnimation</Filter>
    </ClInclude>
    <ClInclude Include="SimulationAnimation\GroupItem.h">
      <Filter>源文件\SimulationAnimation</Filter>
    </ClInclude>
    <ClInclude Include="SimulationAnimation\GroupManager.h">
      <Filter>源文件\SimulationAnimation</Filter>
    </ClInclude>
    <ClInclude Include="SimulationAnimation\IOSExternDef.h">
      <Filter>源文件\SimulationAnimation</Filter>
    </ClInclude>
    <ClInclude Include="SimulationAnimation\KeyFrame.h">
      <Filter>源文件\SimulationAnimation</Filter>
    </ClInclude>
    <ClInclude Include="SimulationAnimation\Mutex.h">
      <Filter>源文件\SimulationAnimation</Filter>
    </ClInclude>
    <ClInclude Include="SimulationAnimation\ProcessManager.h">
      <Filter>源文件\SimulationAnimation</Filter>
    </ClInclude>
    <ClInclude Include="SimulationAnimation\Resource.h">
      <Filter>源文件\SimulationAnimation</Filter>
    </ClInclude>
    <ClInclude Include="SimulationAnimation\SADefine.h">
      <Filter>源文件\SimulationAnimation</Filter>
    </ClInclude>
    <ClInclude Include="SimulationAnimation\SAnimation.h">
      <Filter>源文件\SimulationAnimation</Filter>
    </ClInclude>
    <ClInclude Include="SimulationAnimation\SBehaviorAction.h">
      <Filter>源文件\SimulationAnimation</Filter>
    </ClInclude>
    <ClInclude Include="SimulationAnimation\SimulationAnimationManager.h">
      <Filter>源文件\SimulationAnimation</Filter>
    </ClInclude>
    <ClInclude Include="SimulationAnimation\SInterpolator.h">
      <Filter>源文件\SimulationAnimation</Filter>
    </ClInclude>
    <ClInclude Include="SimulationAnimation\stdafx.h">
      <Filter>源文件\SimulationAnimation</Filter>
    </ClInclude>
    <ClInclude Include="SimulationAnimation\STimeline.h">
      <Filter>源文件\SimulationAnimation</Filter>
    </ClInclude>
    <ClInclude Include="SimulationAnimation\TickTimer.h">
      <Filter>源文件\SimulationAnimation</Filter>
    </ClInclude>
    <ClInclude Include="SimulationAnimation\TimerManager.h">
      <Filter>源文件\SimulationAnimation</Filter>
    </ClInclude>
    <ClInclude Include="SimulationCommon\Animation_def.h">
      <Filter>源文件\SimulationCommon</Filter>
    </ClInclude>
    <ClInclude Include="SimulationCommon\MatrixOperation.h">
      <Filter>源文件\SimulationCommon</Filter>
    </ClInclude>
    <ClInclude Include="SimulationCommon\SAGlobals.h">
      <Filter>源文件\SimulationCommon</Filter>
    </ClInclude>
    <ClInclude Include="SimulationCommon\saqsort.h">
      <Filter>源文件\SimulationCommon</Filter>
    </ClInclude>
    <ClInclude Include="SimulationCommon\SATools.h">
      <Filter>源文件\SimulationCommon</Filter>
    </ClInclude>
    <ClInclude Include="SimulationCommon\SAUtility.h">
      <Filter>源文件\SimulationCommon</Filter>
    </ClInclude>
    <ClInclude Include="SimulationCommon\TypeDef.h">
      <Filter>源文件\SimulationCommon</Filter>
    </ClInclude>
    <ClInclude Include="SimulationCommon\utf_utils.h">
      <Filter>源文件\SimulationCommon</Filter>
    </ClInclude>
    <ClInclude Include="SimulationCommon\UtilityTextParser.h">
      <Filter>源文件\SimulationCommon</Filter>
    </ClInclude>
    <ClInclude Include="SimulationCommon\UtilityXMLParser.h">
      <Filter>源文件\SimulationCommon</Filter>
    </ClInclude>
    <ClInclude Include="SimulationCommon\varray.h">
      <Filter>源文件\SimulationCommon</Filter>
    </ClInclude>
    <ClInclude Include="SimulationCommon\vhash.h">
      <Filter>源文件\SimulationCommon</Filter>
    </ClInclude>
    <ClInclude Include="SimulationCommon\vlist.h">
      <Filter>源文件\SimulationCommon</Filter>
    </ClInclude>
    <ClInclude Include="AnimationControl\animationController.h">
      <Filter>源文件\AnimationControl</Filter>
    </ClInclude>
    <ClInclude Include="AnimationControl\animationControlParser.h">
      <Filter>源文件\AnimationControl</Filter>
    </ClInclude>
    <ClInclude Include="AnimationControl\animationNode.h">
      <Filter>源文件\AnimationControl</Filter>
    </ClInclude>
  </ItemGroup>
</Project>